
Microsoft Visual Studio Solution File, Format Version 12.00
# Visual Studio Version 17
VisualStudioVersion = 17.11.35222.181
MinimumVisualStudioVersion = 10.0.40219.1
Project("{2150E333-8FDC-42A3-9474-1A3956D46DE8}") = "1-Presentation", "1-Presentation", "{0AA2B2D2-3324-4F7E-B30D-EDEC75A7F2C2}"
EndProject
Project("{2150E333-8FDC-42A3-9474-1A3956D46DE8}") = "2-Domain", "2-Domain", "{981E3A70-472A-4F17-B6F2-0A32B99CE4F2}"
EndProject
Project("{2150E333-8FDC-42A3-9474-1A3956D46DE8}") = "3-Aplication", "3-Aplication", "{65BEA30A-9A8A-479B-9DA2-5AAEB43ED52D}"
EndProject
Project("{2150E333-8FDC-42A3-9474-1A3956D46DE8}") = "4-Infra", "4-Infra", "{FBF55EC5-ECDD-4342-A981-4F93D21FC0E9}"
EndProject
Project("{2150E333-8FDC-42A3-9474-1A3956D46DE8}") = "5-Test", "5-Test", "{1ABC97CA-F988-4003-BA90-53F143CB9E7A}"
EndProject
Project("{9A19103F-16F7-4668-BE54-9A1E7A4F7556}") = "RendaFixaWebApi", "1-Presentation\RendaFixaWebApi.csproj", "{BC5525E8-3E19-47D4-BCC9-CF5E8426EB34}"
EndProject
Project("{9A19103F-16F7-4668-BE54-9A1E7A4F7556}") = "RendaFixa.Domain", "2-Domain\RendaFixa.Domain.csproj", "{DDBAA449-5451-4364-9704-06F1E6A196B8}"
EndProject
Project("{9A19103F-16F7-4668-BE54-9A1E7A4F7556}") = "RendaFixa.Application", "3-Application\RendaFixa.Application.csproj", "{F89D1F41-5A2D-434C-AC6C-0CE6F89F1C23}"
EndProject
Project("{9A19103F-16F7-4668-BE54-9A1E7A4F7556}") = "RendaFixa.Infrastruct", "4-Infrastruct\RendaFixa.Infrastruct.csproj", "{6ED013EA-DE20-45EC-8D10-A40AD3021752}"
EndProject
Project("{9A19103F-16F7-4668-BE54-9A1E7A4F7556}") = "RendaFixa.Test", "5-Tests\RendaFixa.Test.csproj", "{080BF763-0215-4D24-BB42-5721828068BB}"
EndProject
Project("{2150E333-8FDC-42A3-9474-1A3956D46DE8}") = "0-Configuration", "0-Configuration", "{79E89A1F-4F68-4BAC-B175-A506CCE3B0DB}"
	ProjectSection(SolutionItems) = preProject
		.dockerignore = .dockerignore
		.gitignore = .gitignore
		Dockerfile = Dockerfile
		Proposta = Proposta
		README = README
	EndProjectSection
EndProject
Global
	GlobalSection(SolutionConfigurationPlatforms) = preSolution
		Debug|Any CPU = Debug|Any CPU
		Release|Any CPU = Release|Any CPU
	EndGlobalSection
	GlobalSection(ProjectConfigurationPlatforms) = postSolution
		{BC5525E8-3E19-47D4-BCC9-CF5E8426EB34}.Debug|Any CPU.ActiveCfg = Debug|Any CPU
		{BC5525E8-3E19-47D4-BCC9-CF5E8426EB34}.Debug|Any CPU.Build.0 = Debug|Any CPU
		{BC5525E8-3E19-47D4-BCC9-CF5E8426EB34}.Release|Any CPU.ActiveCfg = Release|Any CPU
		{BC5525E8-3E19-47D4-BCC9-CF5E8426EB34}.Release|Any CPU.Build.0 = Release|Any CPU
		{DDBAA449-5451-4364-9704-06F1E6A196B8}.Debug|Any CPU.ActiveCfg = Debug|Any CPU
		{DDBAA449-5451-4364-9704-06F1E6A196B8}.Debug|Any CPU.Build.0 = Debug|Any CPU
		{DDBAA449-5451-4364-9704-06F1E6A196B8}.Release|Any CPU.ActiveCfg = Release|Any CPU
		{DDBAA449-5451-4364-9704-06F1E6A196B8}.Release|Any CPU.Build.0 = Release|Any CPU
		{F89D1F41-5A2D-434C-AC6C-0CE6F89F1C23}.Debug|Any CPU.ActiveCfg = Debug|Any CPU
		{F89D1F41-5A2D-434C-AC6C-0CE6F89F1C23}.Debug|Any CPU.Build.0 = Debug|Any CPU
		{F89D1F41-5A2D-434C-AC6C-0CE6F89F1C23}.Release|Any CPU.ActiveCfg = Release|Any CPU
		{F89D1F41-5A2D-434C-AC6C-0CE6F89F1C23}.Release|Any CPU.Build.0 = Release|Any CPU
		{6ED013EA-DE20-45EC-8D10-A40AD3021752}.Debug|Any CPU.ActiveCfg = Debug|Any CPU
		{6ED013EA-DE20-45EC-8D10-A40AD3021752}.Debug|Any CPU.Build.0 = Debug|Any CPU
		{6ED013EA-DE20-45EC-8D10-A40AD3021752}.Release|Any CPU.ActiveCfg = Release|Any CPU
		{6ED013EA-DE20-45EC-8D10-A40AD3021752}.Release|Any CPU.Build.0 = Release|Any CPU
		{080BF763-0215-4D24-BB42-5721828068BB}.Debug|Any CPU.ActiveCfg = Debug|Any CPU
		{080BF763-0215-4D24-BB42-5721828068BB}.Debug|Any CPU.Build.0 = Debug|Any CPU
		{080BF763-0215-4D24-BB42-5721828068BB}.Release|Any CPU.ActiveCfg = Release|Any CPU
		{080BF763-0215-4D24-BB42-5721828068BB}.Release|Any CPU.Build.0 = Release|Any CPU
	EndGlobalSection
	GlobalSection(SolutionProperties) = preSolution
		HideSolutionNode = FALSE
	EndGlobalSection
	GlobalSection(NestedProjects) = preSolution
		{BC5525E8-3E19-47D4-BCC9-CF5E8426EB34} = {0AA2B2D2-3324-4F7E-B30D-EDEC75A7F2C2}
		{DDBAA449-5451-4364-9704-06F1E6A196B8} = {981E3A70-472A-4F17-B6F2-0A32B99CE4F2}
		{F89D1F41-5A2D-434C-AC6C-0CE6F89F1C23} = {65BEA30A-9A8A-479B-9DA2-5AAEB43ED52D}
		{6ED013EA-DE20-45EC-8D10-A40AD3021752} = {FBF55EC5-ECDD-4342-A981-4F93D21FC0E9}
		{080BF763-0215-4D24-BB42-5721828068BB} = {1ABC97CA-F988-4003-BA90-53F143CB9E7A}
	EndGlobalSection
	GlobalSection(ExtensibilityGlobals) = postSolution
		SolutionGuid = {71F2D96B-268C-484B-B274-8D6C19726D40}
	EndGlobalSection
EndGlobal
